
Microsoft Visual Studio Solution File, Format Version 12.00
# Visual Studio Version 17
VisualStudioVersion = 17.11.35312.102
MinimumVisualStudioVersion = 10.0.40219.1
Project("{FAE04EC0-301F-11D3-BF4B-00C04F79EFBC}") = "Berstein", "Berstein\Berstein.csproj", "{DDC93C88-1BB2-4126-BCDA-67CED6979EAC}"
EndProject
Global
	GlobalSection(SolutionConfigurationPlatforms) = preSolution
		Debug|Any CPU = Debug|Any CPU
		Release|Any CPU = Release|Any CPU
	EndGlobalSection
	GlobalSection(ProjectConfigurationPlatforms) = postSolution
		{DDC93C88-1BB2-4126-BCDA-67CED6979EAC}.Debug|Any CPU.ActiveCfg = Debug|Any CPU
		{DDC93C88-1BB2-4126-BCDA-67CED6979EAC}.Debug|Any CPU.Build.0 = Debug|Any CPU
		{DDC93C88-1BB2-4126-BCDA-67CED6979EAC}.Release|Any CPU.ActiveCfg = Release|Any CPU
		{DDC93C88-1BB2-4126-BCDA-67CED6979EAC}.Release|Any CPU.Build.0 = Release|Any CPU
	EndGlobalSection
	GlobalSection(SolutionProperties) = preSolution
		HideSolutionNode = FALSE
	EndGlobalSection
	GlobalSection(ExtensibilityGlobals) = postSolution
		SolutionGuid = {4B302641-A7C5-49A6-838D-B49DED48129F}
	EndGlobalSection
EndGlobal
